# THIS IS AN AUTOGENERATED FILE. DO NOT EDIT THIS FILE DIRECTLY.
# yarn lockfile v1


lodash@4.17.10:
  version "4.17.10"
  resolved "https://registry.yarnpkg.com/lodash/-/lodash-4.17.10.tgz#1b7793cf7259ea38fb3661d4d38b3260af8ae4e7"

serverless-cf-vars@^0.3.0:
  version "0.3.0"
  resolved "https://registry.yarnpkg.com/serverless-cf-vars/-/serverless-cf-vars-0.3.0.tgz#96ecbd6388857f55be61cab03b0129abfa4b90d9"
  dependencies:
    lodash "4.17.10"
